
Microsoft Visual Studio Solution File, Format Version 12.00
# Visual Studio 14
VisualStudioVersion = 14.0.25420.1
MinimumVisualStudioVersion = 10.0.40219.1
Project("{FAE04EC0-301F-11D3-BF4B-00C04F79EFBC}") = "Xamarin.Forms_CardView", "Xamarin.Forms-CardView\Xamarin.Forms_CardView\Xamarin.Forms_CardView.csproj", "{54458EE3-E3AC-4CAE-83E3-69D3D19ADB83}"
EndProject
Project("{FAE04EC0-301F-11D3-BF4B-00C04F79EFBC}") = "Xamarin.Forms_CardView.Droid", "Xamarin.Forms-CardView\Xamarin.Forms_CardView.Droid\Xamarin.Forms_CardView.Droid.csproj", "{EBEB5E99-6983-4880-95E6-FA455F271FED}"
EndProject
Project("{FAE04EC0-301F-11D3-BF4B-00C04F79EFBC}") = "Xamarin.Forms_CardView.iOS", "Xamarin.Forms-CardView\Xamarin.Forms_CardView.iOS\Xamarin.Forms_CardView.iOS.csproj", "{6B6565C2-C838-4F0A-B778-CC79C7896302}"
EndProject
Project("{FAE04EC0-301F-11D3-BF4B-00C04F79EFBC}") = "Xamarin.Forms_CardView.UWP", "Xamarin.Forms-CardView\Xamarin.Forms_CardView.UWP\Xamarin.Forms_CardView.UWP.csproj", "{FB802A8E-8801-4322-9DAD-3A953691133D}"
EndProject
Global
	GlobalSection(SolutionConfigurationPlatforms) = preSolution
		Ad-Hoc|Any CPU = Ad-Hoc|Any CPU
		Ad-Hoc|ARM = Ad-Hoc|ARM
		Ad-Hoc|iPhone = Ad-Hoc|iPhone
		Ad-Hoc|iPhoneSimulator = Ad-Hoc|iPhoneSimulator
		Ad-Hoc|x64 = Ad-Hoc|x64
		Ad-Hoc|x86 = Ad-Hoc|x86
		AppStore|Any CPU = AppStore|Any CPU
		AppStore|ARM = AppStore|ARM
		AppStore|iPhone = AppStore|iPhone
		AppStore|iPhoneSimulator = AppStore|iPhoneSimulator
		AppStore|x64 = AppStore|x64
		AppStore|x86 = AppStore|x86
		Debug|Any CPU = Debug|Any CPU
		Debug|ARM = Debug|ARM
		Debug|iPhone = Debug|iPhone
		Debug|iPhoneSimulator = Debug|iPhoneSimulator
		Debug|x64 = Debug|x64
		Debug|x86 = Debug|x86
		Release|Any CPU = Release|Any CPU
		Release|ARM = Release|ARM
		Release|iPhone = Release|iPhone
		Release|iPhoneSimulator = Release|iPhoneSimulator
		Release|x64 = Release|x64
		Release|x86 = Release|x86
	EndGlobalSection
	GlobalSection(ProjectConfigurationPlatforms) = postSolution
		{54458EE3-E3AC-4CAE-83E3-69D3D19ADB83}.Ad-Hoc|Any CPU.ActiveCfg = Release|Any CPU
		{54458EE3-E3AC-4CAE-83E3-69D3D19ADB83}.Ad-Hoc|Any CPU.Build.0 = Release|Any CPU
		{54458EE3-E3AC-4CAE-83E3-69D3D19ADB83}.Ad-Hoc|ARM.ActiveCfg = Release|Any CPU
		{54458EE3-E3AC-4CAE-83E3-69D3D19ADB83}.Ad-Hoc|ARM.Build.0 = Release|Any CPU
		{54458EE3-E3AC-4CAE-83E3-69D3D19ADB83}.Ad-Hoc|iPhone.ActiveCfg = Release|Any CPU
		{54458EE3-E3AC-4CAE-83E3-69D3D19ADB83}.Ad-Hoc|iPhone.Build.0 = Release|Any CPU
		{54458EE3-E3AC-4CAE-83E3-69D3D19ADB83}.Ad-Hoc|iPhoneSimulator.ActiveCfg = Release|Any CPU
		{54458EE3-E3AC-4CAE-83E3-69D3D19ADB83}.Ad-Hoc|iPhoneSimulator.Build.0 = Release|Any CPU
		{54458EE3-E3AC-4CAE-83E3-69D3D19ADB83}.Ad-Hoc|x64.ActiveCfg = Release|Any CPU
		{54458EE3-E3AC-4CAE-83E3-69D3D19ADB83}.Ad-Hoc|x64.Build.0 = Release|Any CPU
		{54458EE3-E3AC-4CAE-83E3-69D3D19ADB83}.Ad-Hoc|x86.ActiveCfg = Release|Any CPU
		{54458EE3-E3AC-4CAE-83E3-69D3D19ADB83}.Ad-Hoc|x86.Build.0 = Release|Any CPU
		{54458EE3-E3AC-4CAE-83E3-69D3D19ADB83}.AppStore|Any CPU.ActiveCfg = Release|Any CPU
		{54458EE3-E3AC-4CAE-83E3-69D3D19ADB83}.AppStore|Any CPU.Build.0 = Release|Any CPU
		{54458EE3-E3AC-4CAE-83E3-69D3D19ADB83}.AppStore|ARM.ActiveCfg = Release|Any CPU
		{54458EE3-E3AC-4CAE-83E3-69D3D19ADB83}.AppStore|ARM.Build.0 = Release|Any CPU
		{54458EE3-E3AC-4CAE-83E3-69D3D19ADB83}.AppStore|iPhone.ActiveCfg = Release|Any CPU
		{54458EE3-E3AC-4CAE-83E3-69D3D19ADB83}.AppStore|iPhone.Build.0 = Release|Any CPU
		{54458EE3-E3AC-4CAE-83E3-69D3D19ADB83}.AppStore|iPhoneSimulator.ActiveCfg = Release|Any CPU
		{54458EE3-E3AC-4CAE-83E3-69D3D19ADB83}.AppStore|iPhoneSimulator.Build.0 = Release|Any CPU
		{54458EE3-E3AC-4CAE-83E3-69D3D19ADB83}.AppStore|x64.ActiveCfg = Release|Any CPU
		{54458EE3-E3AC-4CAE-83E3-69D3D19ADB83}.AppStore|x64.Build.0 = Release|Any CPU
		{54458EE3-E3AC-4CAE-83E3-69D3D19ADB83}.AppStore|x86.ActiveCfg = Release|Any CPU
		{54458EE3-E3AC-4CAE-83E3-69D3D19ADB83}.AppStore|x86.Build.0 = Release|Any CPU
		{54458EE3-E3AC-4CAE-83E3-69D3D19ADB83}.Debug|Any CPU.ActiveCfg = Debug|Any CPU
		{54458EE3-E3AC-4CAE-83E3-69D3D19ADB83}.Debug|Any CPU.Build.0 = Debug|Any CPU
		{54458EE3-E3AC-4CAE-83E3-69D3D19ADB83}.Debug|ARM.ActiveCfg = Debug|Any CPU
		{54458EE3-E3AC-4CAE-83E3-69D3D19ADB83}.Debug|ARM.Build.0 = Debug|Any CPU
		{54458EE3-E3AC-4CAE-83E3-69D3D19ADB83}.Debug|iPhone.ActiveCfg = Debug|Any CPU
		{54458EE3-E3AC-4CAE-83E3-69D3D19ADB83}.Debug|iPhone.Build.0 = Debug|Any CPU
		{54458EE3-E3AC-4CAE-83E3-69D3D19ADB83}.Debug|iPhoneSimulator.ActiveCfg = Debug|Any CPU
		{54458EE3-E3AC-4CAE-83E3-69D3D19ADB83}.Debug|iPhoneSimulator.Build.0 = Debug|Any CPU
		{54458EE3-E3AC-4CAE-83E3-69D3D19ADB83}.Debug|x64.ActiveCfg = Debug|Any CPU
		{54458EE3-E3AC-4CAE-83E3-69D3D19ADB83}.Debug|x64.Build.0 = Debug|Any CPU
		{54458EE3-E3AC-4CAE-83E3-69D3D19ADB83}.Debug|x86.ActiveCfg = Debug|Any CPU
		{54458EE3-E3AC-4CAE-83E3-69D3D19ADB83}.Debug|x86.Build.0 = Debug|Any CPU
		{54458EE3-E3AC-4CAE-83E3-69D3D19ADB83}.Release|Any CPU.ActiveCfg = Release|Any CPU
		{54458EE3-E3AC-4CAE-83E3-69D3D19ADB83}.Release|Any CPU.Build.0 = Release|Any CPU
		{54458EE3-E3AC-4CAE-83E3-69D3D19ADB83}.Release|ARM.ActiveCfg = Release|Any CPU
		{54458EE3-E3AC-4CAE-83E3-69D3D19ADB83}.Release|ARM.Build.0 = Release|Any CPU
		{54458EE3-E3AC-4CAE-83E3-69D3D19ADB83}.Release|iPhone.ActiveCfg = Release|Any CPU
		{54458EE3-E3AC-4CAE-83E3-69D3D19ADB83}.Release|iPhone.Build.0 = Release|Any CPU
		{54458EE3-E3AC-4CAE-83E3-69D3D19ADB83}.Release|iPhoneSimulator.ActiveCfg = Release|Any CPU
		{54458EE3-E3AC-4CAE-83E3-69D3D19ADB83}.Release|iPhoneSimulator.Build.0 = Release|Any CPU
		{54458EE3-E3AC-4CAE-83E3-69D3D19ADB83}.Release|x64.ActiveCfg = Release|Any CPU
		{54458EE3-E3AC-4CAE-83E3-69D3D19ADB83}.Release|x64.Build.0 = Release|Any CPU
		{54458EE3-E3AC-4CAE-83E3-69D3D19ADB83}.Release|x86.ActiveCfg = Release|Any CPU
		{54458EE3-E3AC-4CAE-83E3-69D3D19ADB83}.Release|x86.Build.0 = Release|Any CPU
		{EBEB5E99-6983-4880-95E6-FA455F271FED}.Ad-Hoc|Any CPU.ActiveCfg = Release|Any CPU
		{EBEB5E99-6983-4880-95E6-FA455F271FED}.Ad-Hoc|Any CPU.Build.0 = Release|Any CPU
		{EBEB5E99-6983-4880-95E6-FA455F271FED}.Ad-Hoc|Any CPU.Deploy.0 = Release|Any CPU
		{EBEB5E99-6983-4880-95E6-FA455F271FED}.Ad-Hoc|ARM.ActiveCfg = Release|Any CPU
		{EBEB5E99-6983-4880-95E6-FA455F271FED}.Ad-Hoc|ARM.Build.0 = Release|Any CPU
		{EBEB5E99-6983-4880-95E6-FA455F271FED}.Ad-Hoc|ARM.Deploy.0 = Release|Any CPU
		{EBEB5E99-6983-4880-95E6-FA455F271FED}.Ad-Hoc|iPhone.ActiveCfg = Release|Any CPU
		{EBEB5E99-6983-4880-95E6-FA455F271FED}.Ad-Hoc|iPhone.Build.0 = Release|Any CPU
		{EBEB5E99-6983-4880-95E6-FA455F271FED}.Ad-Hoc|iPhone.Deploy.0 = Release|Any CPU
		{EBEB5E99-6983-4880-95E6-FA455F271FED}.Ad-Hoc|iPhoneSimulator.ActiveCfg = Release|Any CPU
		{EBEB5E99-6983-4880-95E6-FA455F271FED}.Ad-Hoc|iPhoneSimulator.Build.0 = Release|Any CPU
		{EBEB5E99-6983-4880-95E6-FA455F271FED}.Ad-Hoc|iPhoneSimulator.Deploy.0 = Release|Any CPU
		{EBEB5E99-6983-4880-95E6-FA455F271FED}.Ad-Hoc|x64.ActiveCfg = Release|Any CPU
		{EBEB5E99-6983-4880-95E6-FA455F271FED}.Ad-Hoc|x64.Build.0 = Release|Any CPU
		{EBEB5E99-6983-4880-95E6-FA455F271FED}.Ad-Hoc|x64.Deploy.0 = Release|Any CPU
		{EBEB5E99-6983-4880-95E6-FA455F271FED}.Ad-Hoc|x86.ActiveCfg = Release|Any CPU
		{EBEB5E99-6983-4880-95E6-FA455F271FED}.Ad-Hoc|x86.Build.0 = Release|Any CPU
		{EBEB5E99-6983-4880-95E6-FA455F271FED}.Ad-Hoc|x86.Deploy.0 = Release|Any CPU
		{EBEB5E99-6983-4880-95E6-FA455F271FED}.AppStore|Any CPU.ActiveCfg = Release|Any CPU
		{EBEB5E99-6983-4880-95E6-FA455F271FED}.AppStore|Any CPU.Build.0 = Release|Any CPU
		{EBEB5E99-6983-4880-95E6-FA455F271FED}.AppStore|Any CPU.Deploy.0 = Release|Any CPU
		{EBEB5E99-6983-4880-95E6-FA455F271FED}.AppStore|ARM.ActiveCfg = Release|Any CPU
		{EBEB5E99-6983-4880-95E6-FA455F271FED}.AppStore|ARM.Build.0 = Release|Any CPU
		{EBEB5E99-6983-4880-95E6-FA455F271FED}.AppStore|ARM.Deploy.0 = Release|Any CPU
		{EBEB5E99-6983-4880-95E6-FA455F271FED}.AppStore|iPhone.ActiveCfg = Release|Any CPU
		{EBEB5E99-6983-4880-95E6-FA455F271FED}.AppStore|iPhone.Build.0 = Release|Any CPU
		{EBEB5E99-6983-4880-95E6-FA455F271FED}.AppStore|iPhone.Deploy.0 = Release|Any CPU
		{EBEB5E99-6983-4880-95E6-FA455F271FED}.AppStore|iPhoneSimulator.ActiveCfg = Release|Any CPU
		{EBEB5E99-6983-4880-95E6-FA455F271FED}.AppStore|iPhoneSimulator.Build.0 = Release|Any CPU
		{EBEB5E99-6983-4880-95E6-FA455F271FED}.AppStore|iPhoneSimulator.Deploy.0 = Release|Any CPU
		{EBEB5E99-6983-4880-95E6-FA455F271FED}.AppStore|x64.ActiveCfg = Release|Any CPU
		{EBEB5E99-6983-4880-95E6-FA455F271FED}.AppStore|x64.Build.0 = Release|Any CPU
		{EBEB5E99-6983-4880-95E6-FA455F271FED}.AppStore|x64.Deploy.0 = Release|Any CPU
		{EBEB5E99-6983-4880-95E6-FA455F271FED}.AppStore|x86.ActiveCfg = Release|Any CPU
		{EBEB5E99-6983-4880-95E6-FA455F271FED}.AppStore|x86.Build.0 = Release|Any CPU
		{EBEB5E99-6983-4880-95E6-FA455F271FED}.AppStore|x86.Deploy.0 = Release|Any CPU
		{EBEB5E99-6983-4880-95E6-FA455F271FED}.Debug|Any CPU.ActiveCfg = Debug|Any CPU
		{EBEB5E99-6983-4880-95E6-FA455F271FED}.Debug|Any CPU.Build.0 = Debug|Any CPU
		{EBEB5E99-6983-4880-95E6-FA455F271FED}.Debug|Any CPU.Deploy.0 = Debug|Any CPU
		{EBEB5E99-6983-4880-95E6-FA455F271FED}.Debug|ARM.ActiveCfg = Debug|Any CPU
		{EBEB5E99-6983-4880-95E6-FA455F271FED}.Debug|ARM.Build.0 = Debug|Any CPU
		{EBEB5E99-6983-4880-95E6-FA455F271FED}.Debug|ARM.Deploy.0 = Debug|Any CPU
		{EBEB5E99-6983-4880-95E6-FA455F271FED}.Debug|iPhone.ActiveCfg = Debug|Any CPU
		{EBEB5E99-6983-4880-95E6-FA455F271FED}.Debug|iPhone.Build.0 = Debug|Any CPU
		{EBEB5E99-6983-4880-95E6-FA455F271FED}.Debug|iPhone.Deploy.0 = Debug|Any CPU
		{EBEB5E99-6983-4880-95E6-FA455F271FED}.Debug|iPhoneSimulator.ActiveCfg = Debug|Any CPU
		{EBEB5E99-6983-4880-95E6-FA455F271FED}.Debug|iPhoneSimulator.Build.0 = Debug|Any CPU
		{EBEB5E99-6983-4880-95E6-FA455F271FED}.Debug|iPhoneSimulator.Deploy.0 = Debug|Any CPU
		{EBEB5E99-6983-4880-95E6-FA455F271FED}.Debug|x64.ActiveCfg = Debug|Any CPU
		{EBEB5E99-6983-4880-95E6-FA455F271FED}.Debug|x64.Build.0 = Debug|Any CPU
		{EBEB5E99-6983-4880-95E6-FA455F271FED}.Debug|x64.Deploy.0 = Debug|Any CPU
		{EBEB5E99-6983-4880-95E6-FA455F271FED}.Debug|x86.ActiveCfg = Debug|Any CPU
		{EBEB5E99-6983-4880-95E6-FA455F271FED}.Debug|x86.Build.0 = Debug|Any CPU
		{EBEB5E99-6983-4880-95E6-FA455F271FED}.Debug|x86.Deploy.0 = Debug|Any CPU
		{EBEB5E99-6983-4880-95E6-FA455F271FED}.Release|Any CPU.ActiveCfg = Release|Any CPU
		{EBEB5E99-6983-4880-95E6-FA455F271FED}.Release|Any CPU.Build.0 = Release|Any CPU
		{EBEB5E99-6983-4880-95E6-FA455F271FED}.Release|Any CPU.Deploy.0 = Release|Any CPU
		{EBEB5E99-6983-4880-95E6-FA455F271FED}.Release|ARM.ActiveCfg = Release|Any CPU
		{EBEB5E99-6983-4880-95E6-FA455F271FED}.Release|ARM.Build.0 = Release|Any CPU
		{EBEB5E99-6983-4880-95E6-FA455F271FED}.Release|ARM.Deploy.0 = Release|Any CPU
		{EBEB5E99-6983-4880-95E6-FA455F271FED}.Release|iPhone.ActiveCfg = Release|Any CPU
		{EBEB5E99-6983-4880-95E6-FA455F271FED}.Release|iPhone.Build.0 = Release|Any CPU
		{EBEB5E99-6983-4880-95E6-FA455F271FED}.Release|iPhone.Deploy.0 = Release|Any CPU
		{EBEB5E99-6983-4880-95E6-FA455F271FED}.Release|iPhoneSimulator.ActiveCfg = Release|Any CPU
		{EBEB5E99-6983-4880-95E6-FA455F271FED}.Release|iPhoneSimulator.Build.0 = Release|Any CPU
		{EBEB5E99-6983-4880-95E6-FA455F271FED}.Release|iPhoneSimulator.Deploy.0 = Release|Any CPU
		{EBEB5E99-6983-4880-95E6-FA455F271FED}.Release|x64.ActiveCfg = Release|Any CPU
		{EBEB5E99-6983-4880-95E6-FA455F271FED}.Release|x64.Build.0 = Release|Any CPU
		{EBEB5E99-6983-4880-95E6-FA455F271FED}.Release|x64.Deploy.0 = Release|Any CPU
		{EBEB5E99-6983-4880-95E6-FA455F271FED}.Release|x86.ActiveCfg = Release|Any CPU
		{EBEB5E99-6983-4880-95E6-FA455F271FED}.Release|x86.Build.0 = Release|Any CPU
		{EBEB5E99-6983-4880-95E6-FA455F271FED}.Release|x86.Deploy.0 = Release|Any CPU
		{6B6565C2-C838-4F0A-B778-CC79C7896302}.Ad-Hoc|Any CPU.ActiveCfg = Ad-Hoc|iPhone
		{6B6565C2-C838-4F0A-B778-CC79C7896302}.Ad-Hoc|ARM.ActiveCfg = Ad-Hoc|iPhone
		{6B6565C2-C838-4F0A-B778-CC79C7896302}.Ad-Hoc|iPhone.ActiveCfg = Ad-Hoc|iPhone
		{6B6565C2-C838-4F0A-B778-CC79C7896302}.Ad-Hoc|iPhone.Build.0 = Ad-Hoc|iPhone
		{6B6565C2-C838-4F0A-B778-CC79C7896302}.Ad-Hoc|iPhoneSimulator.ActiveCfg = Ad-Hoc|iPhoneSimulator
		{6B6565C2-C838-4F0A-B778-CC79C7896302}.Ad-Hoc|iPhoneSimulator.Build.0 = Ad-Hoc|iPhoneSimulator
		{6B6565C2-C838-4F0A-B778-CC79C7896302}.Ad-Hoc|x64.ActiveCfg = Ad-Hoc|iPhone
		{6B6565C2-C838-4F0A-B778-CC79C7896302}.Ad-Hoc|x86.ActiveCfg = Ad-Hoc|iPhone
		{6B6565C2-C838-4F0A-B778-CC79C7896302}.AppStore|Any CPU.ActiveCfg = AppStore|iPhone
		{6B6565C2-C838-4F0A-B778-CC79C7896302}.AppStore|ARM.ActiveCfg = AppStore|iPhone
		{6B6565C2-C838-4F0A-B778-CC79C7896302}.AppStore|iPhone.ActiveCfg = AppStore|iPhone
		{6B6565C2-C838-4F0A-B778-CC79C7896302}.AppStore|iPhone.Build.0 = AppStore|iPhone
		{6B6565C2-C838-4F0A-B778-CC79C7896302}.AppStore|iPhoneSimulator.ActiveCfg = AppStore|iPhoneSimulator
		{6B6565C2-C838-4F0A-B778-CC79C7896302}.AppStore|iPhoneSimulator.Build.0 = AppStore|iPhoneSimulator
		{6B6565C2-C838-4F0A-B778-CC79C7896302}.AppStore|x64.ActiveCfg = AppStore|iPhone
		{6B6565C2-C838-4F0A-B778-CC79C7896302}.AppStore|x86.ActiveCfg = AppStore|iPhone
		{6B6565C2-C838-4F0A-B778-CC79C7896302}.Debug|Any CPU.ActiveCfg = Debug|iPhone
		{6B6565C2-C838-4F0A-B778-CC79C7896302}.Debug|ARM.ActiveCfg = Debug|iPhone
		{6B6565C2-C838-4F0A-B778-CC79C7896302}.Debug|iPhone.ActiveCfg = Debug|iPhone
		{6B6565C2-C838-4F0A-B778-CC79C7896302}.Debug|iPhone.Build.0 = Debug|iPhone
		{6B6565C2-C838-4F0A-B778-CC79C7896302}.Debug|iPhoneSimulator.ActiveCfg = Debug|iPhoneSimulator
		{6B6565C2-C838-4F0A-B778-CC79C7896302}.Debug|iPhoneSimulator.Build.0 = Debug|iPhoneSimulator
		{6B6565C2-C838-4F0A-B778-CC79C7896302}.Debug|x64.ActiveCfg = Debug|iPhone
		{6B6565C2-C838-4F0A-B778-CC79C7896302}.Debug|x86.ActiveCfg = Debug|iPhone
		{6B6565C2-C838-4F0A-B778-CC79C7896302}.Release|Any CPU.ActiveCfg = Release|iPhone
		{6B6565C2-C838-4F0A-B778-CC79C7896302}.Release|ARM.ActiveCfg = Release|iPhone
		{6B6565C2-C838-4F0A-B778-CC79C7896302}.Release|iPhone.ActiveCfg = Release|iPhone
		{6B6565C2-C838-4F0A-B778-CC79C7896302}.Release|iPhone.Build.0 = Release|iPhone
		{6B6565C2-C838-4F0A-B778-CC79C7896302}.Release|iPhoneSimulator.ActiveCfg = Release|iPhoneSimulator
		{6B6565C2-C838-4F0A-B778-CC79C7896302}.Release|iPhoneSimulator.Build.0 = Release|iPhoneSimulator
		{6B6565C2-C838-4F0A-B778-CC79C7896302}.Release|x64.ActiveCfg = Release|iPhone
		{6B6565C2-C838-4F0A-B778-CC79C7896302}.Release|x86.ActiveCfg = Release|iPhone
		{FB802A8E-8801-4322-9DAD-3A953691133D}.Ad-Hoc|Any CPU.ActiveCfg = Release|x86
		{FB802A8E-8801-4322-9DAD-3A953691133D}.Ad-Hoc|Any CPU.Build.0 = Release|x86
		{FB802A8E-8801-4322-9DAD-3A953691133D}.Ad-Hoc|Any CPU.Deploy.0 = Release|x86
		{FB802A8E-8801-4322-9DAD-3A953691133D}.Ad-Hoc|ARM.ActiveCfg = Release|ARM
		{FB802A8E-8801-4322-9DAD-3A953691133D}.Ad-Hoc|ARM.Build.0 = Release|ARM
		{FB802A8E-8801-4322-9DAD-3A953691133D}.Ad-Hoc|ARM.Deploy.0 = Release|ARM
		{FB802A8E-8801-4322-9DAD-3A953691133D}.Ad-Hoc|iPhone.ActiveCfg = Release|x86
		{FB802A8E-8801-4322-9DAD-3A953691133D}.Ad-Hoc|iPhone.Build.0 = Release|x86
		{FB802A8E-8801-4322-9DAD-3A953691133D}.Ad-Hoc|iPhone.Deploy.0 = Release|x86
		{FB802A8E-8801-4322-9DAD-3A953691133D}.Ad-Hoc|iPhoneSimulator.ActiveCfg = Release|x86
		{FB802A8E-8801-4322-9DAD-3A953691133D}.Ad-Hoc|iPhoneSimulator.Build.0 = Release|x86
		{FB802A8E-8801-4322-9DAD-3A953691133D}.Ad-Hoc|iPhoneSimulator.Deploy.0 = Release|x86
		{FB802A8E-8801-4322-9DAD-3A953691133D}.Ad-Hoc|x64.ActiveCfg = Release|x64
		{FB802A8E-8801-4322-9DAD-3A953691133D}.Ad-Hoc|x64.Build.0 = Release|x64
		{FB802A8E-8801-4322-9DAD-3A953691133D}.Ad-Hoc|x64.Deploy.0 = Release|x64
		{FB802A8E-8801-4322-9DAD-3A953691133D}.Ad-Hoc|x86.ActiveCfg = Release|x86
		{FB802A8E-8801-4322-9DAD-3A953691133D}.Ad-Hoc|x86.Build.0 = Release|x86
		{FB802A8E-8801-4322-9DAD-3A953691133D}.Ad-Hoc|x86.Deploy.0 = Release|x86
		{FB802A8E-8801-4322-9DAD-3A953691133D}.AppStore|Any CPU.ActiveCfg = Release|x86
		{FB802A8E-8801-4322-9DAD-3A953691133D}.AppStore|Any CPU.Build.0 = Release|x86
		{FB802A8E-8801-4322-9DAD-3A953691133D}.AppStore|Any CPU.Deploy.0 = Release|x86
		{FB802A8E-8801-4322-9DAD-3A953691133D}.AppStore|ARM.ActiveCfg = Release|ARM
		{FB802A8E-8801-4322-9DAD-3A953691133D}.AppStore|ARM.Build.0 = Release|ARM
		{FB802A8E-8801-4322-9DAD-3A953691133D}.AppStore|ARM.Deploy.0 = Release|ARM
		{FB802A8E-8801-4322-9DAD-3A953691133D}.AppStore|iPhone.ActiveCfg = Release|x86
		{FB802A8E-8801-4322-9DAD-3A953691133D}.AppStore|iPhone.Build.0 = Release|x86
		{FB802A8E-8801-4322-9DAD-3A953691133D}.AppStore|iPhone.Deploy.0 = Release|x86
		{FB802A8E-8801-4322-9DAD-3A953691133D}.AppStore|iPhoneSimulator.ActiveCfg = Release|x86
		{FB802A8E-8801-4322-9DAD-3A953691133D}.AppStore|iPhoneSimulator.Build.0 = Release|x86
		{FB802A8E-8801-4322-9DAD-3A953691133D}.AppStore|iPhoneSimulator.Deploy.0 = Release|x86
		{FB802A8E-8801-4322-9DAD-3A953691133D}.AppStore|x64.ActiveCfg = Release|x64
		{FB802A8E-8801-4322-9DAD-3A953691133D}.AppStore|x64.Build.0 = Release|x64
		{FB802A8E-8801-4322-9DAD-3A953691133D}.AppStore|x64.Deploy.0 = Release|x64
		{FB802A8E-8801-4322-9DAD-3A953691133D}.AppStore|x86.ActiveCfg = Release|x86
		{FB802A8E-8801-4322-9DAD-3A953691133D}.AppStore|x86.Build.0 = Release|x86
		{FB802A8E-8801-4322-9DAD-3A953691133D}.AppStore|x86.Deploy.0 = Release|x86
		{FB802A8E-8801-4322-9DAD-3A953691133D}.Debug|Any CPU.ActiveCfg = Debug|x86
		{FB802A8E-8801-4322-9DAD-3A953691133D}.Debug|ARM.ActiveCfg = Debug|ARM
		{FB802A8E-8801-4322-9DAD-3A953691133D}.Debug|ARM.Build.0 = Debug|ARM
		{FB802A8E-8801-4322-9DAD-3A953691133D}.Debug|ARM.Deploy.0 = Debug|ARM
		{FB802A8E-8801-4322-9DAD-3A953691133D}.Debug|iPhone.ActiveCfg = Debug|x86
		{FB802A8E-8801-4322-9DAD-3A953691133D}.Debug|iPhoneSimulator.ActiveCfg = Debug|x86
		{FB802A8E-8801-4322-9DAD-3A953691133D}.Debug|x64.ActiveCfg = Debug|x64
		{FB802A8E-8801-4322-9DAD-3A953691133D}.Debug|x64.Build.0 = Debug|x64
		{FB802A8E-8801-4322-9DAD-3A953691133D}.Debug|x64.Deploy.0 = Debug|x64
		{FB802A8E-8801-4322-9DAD-3A953691133D}.Debug|x86.ActiveCfg = Debug|x86
		{FB802A8E-8801-4322-9DAD-3A953691133D}.Debug|x86.Build.0 = Debug|x86
		{FB802A8E-8801-4322-9DAD-3A953691133D}.Debug|x86.Deploy.0 = Debug|x86
		{FB802A8E-8801-4322-9DAD-3A953691133D}.Release|Any CPU.ActiveCfg = Release|x86
		{FB802A8E-8801-4322-9DAD-3A953691133D}.Release|ARM.ActiveCfg = Release|ARM
		{FB802A8E-8801-4322-9DAD-3A953691133D}.Release|ARM.Build.0 = Release|ARM
		{FB802A8E-8801-4322-9DAD-3A953691133D}.Release|ARM.Deploy.0 = Release|ARM
		{FB802A8E-8801-4322-9DAD-3A953691133D}.Release|iPhone.ActiveCfg = Release|x86
		{FB802A8E-8801-4322-9DAD-3A953691133D}.Release|iPhoneSimulator.ActiveCfg = Release|x86
		{FB802A8E-8801-4322-9DAD-3A953691133D}.Release|x64.ActiveCfg = Release|x64
		{FB802A8E-8801-4322-9DAD-3A953691133D}.Release|x64.Build.0 = Release|x64
		{FB802A8E-8801-4322-9DAD-3A953691133D}.Release|x64.Deploy.0 = Release|x64
		{FB802A8E-8801-4322-9DAD-3A953691133D}.Release|x86.ActiveCfg = Release|x86
		{FB802A8E-8801-4322-9DAD-3A953691133D}.Release|x86.Build.0 = Release|x86
		{FB802A8E-8801-4322-9DAD-3A953691133D}.Release|x86.Deploy.0 = Release|x86
	EndGlobalSection
	GlobalSection(SolutionProperties) = preSolution
		HideSolutionNode = FALSE
	EndGlobalSection
EndGlobal
